
Microsoft Visual Studio Solution File, Format Version 12.00
# Visual Studio Version 17
VisualStudioVersion = 17.5.002.0
MinimumVisualStudioVersion = 10.0.40219.1
Project("{FAE04EC0-301F-11D3-BF4B-00C04F79EFBC}") = "ConsoleApp", "ConsoleApp\ConsoleApp.csproj", "{DF94676C-0576-446A-99D7-218158F8B1BA}"
EndProject
Project("{FAE04EC0-301F-11D3-BF4B-00C04F79EFBC}") = "WebApi", "WebApi\WebApi.csproj", "{E9D7EA2E-234C-4751-BB04-09B2B48F85DA}"
EndProject
Project("{FAE04EC0-301F-11D3-BF4B-00C04F79EFBC}") = "TestModel", "TestModel\TestModel.csproj", "{7DB3C3CE-9B62-4416-8AB8-1A9588503692}"
EndProject
Project("{FAE04EC0-301F-11D3-BF4B-00C04F79EFBC}") = "TestWebApi", "TestWebApi\TestWebApi.csproj", "{650E1B70-AE25-4FFA-AC67-951B70948954}"
EndProject
Project("{FAE04EC0-301F-11D3-BF4B-00C04F79EFBC}") = "Blackjack.Model", "Blackjack.Model\Blackjack.Model.csproj", "{47D5860D-2C89-4160-ABD0-2142F74A9C92}"
EndProject
Global
	GlobalSection(SolutionConfigurationPlatforms) = preSolution
		Debug|Any CPU = Debug|Any CPU
		Release|Any CPU = Release|Any CPU
	EndGlobalSection
	GlobalSection(ProjectConfigurationPlatforms) = postSolution
		{46EC432C-A0A1-459A-A753-F1E8E5DE85F1}.Debug|Any CPU.ActiveCfg = Debug|Any CPU
		{46EC432C-A0A1-459A-A753-F1E8E5DE85F1}.Debug|Any CPU.Build.0 = Debug|Any CPU
		{46EC432C-A0A1-459A-A753-F1E8E5DE85F1}.Release|Any CPU.ActiveCfg = Release|Any CPU
		{46EC432C-A0A1-459A-A753-F1E8E5DE85F1}.Release|Any CPU.Build.0 = Release|Any CPU
		{8BA6039A-52D6-42F3-88F4-F40554E00AE6}.Debug|Any CPU.ActiveCfg = Debug|Any CPU
		{8BA6039A-52D6-42F3-88F4-F40554E00AE6}.Debug|Any CPU.Build.0 = Debug|Any CPU
		{8BA6039A-52D6-42F3-88F4-F40554E00AE6}.Release|Any CPU.ActiveCfg = Release|Any CPU
		{8BA6039A-52D6-42F3-88F4-F40554E00AE6}.Release|Any CPU.Build.0 = Release|Any CPU
		{DF94676C-0576-446A-99D7-218158F8B1BA}.Debug|Any CPU.ActiveCfg = Debug|Any CPU
		{DF94676C-0576-446A-99D7-218158F8B1BA}.Debug|Any CPU.Build.0 = Debug|Any CPU
		{DF94676C-0576-446A-99D7-218158F8B1BA}.Release|Any CPU.ActiveCfg = Release|Any CPU
		{DF94676C-0576-446A-99D7-218158F8B1BA}.Release|Any CPU.Build.0 = Release|Any CPU
		{E9D7EA2E-234C-4751-BB04-09B2B48F85DA}.Debug|Any CPU.ActiveCfg = Debug|Any CPU
		{E9D7EA2E-234C-4751-BB04-09B2B48F85DA}.Debug|Any CPU.Build.0 = Debug|Any CPU
		{E9D7EA2E-234C-4751-BB04-09B2B48F85DA}.Release|Any CPU.ActiveCfg = Release|Any CPU
		{E9D7EA2E-234C-4751-BB04-09B2B48F85DA}.Release|Any CPU.Build.0 = Release|Any CPU
		{7DB3C3CE-9B62-4416-8AB8-1A9588503692}.Debug|Any CPU.ActiveCfg = Debug|Any CPU
		{7DB3C3CE-9B62-4416-8AB8-1A9588503692}.Debug|Any CPU.Build.0 = Debug|Any CPU
		{7DB3C3CE-9B62-4416-8AB8-1A9588503692}.Release|Any CPU.ActiveCfg = Release|Any CPU
		{7DB3C3CE-9B62-4416-8AB8-1A9588503692}.Release|Any CPU.Build.0 = Release|Any CPU
		{650E1B70-AE25-4FFA-AC67-951B70948954}.Debug|Any CPU.ActiveCfg = Debug|Any CPU
		{650E1B70-AE25-4FFA-AC67-951B70948954}.Debug|Any CPU.Build.0 = Debug|Any CPU
		{650E1B70-AE25-4FFA-AC67-951B70948954}.Release|Any CPU.ActiveCfg = Release|Any CPU
		{650E1B70-AE25-4FFA-AC67-951B70948954}.Release|Any CPU.Build.0 = Release|Any CPU
		{47D5860D-2C89-4160-ABD0-2142F74A9C92}.Debug|Any CPU.ActiveCfg = Debug|Any CPU
		{47D5860D-2C89-4160-ABD0-2142F74A9C92}.Debug|Any CPU.Build.0 = Debug|Any CPU
		{47D5860D-2C89-4160-ABD0-2142F74A9C92}.Release|Any CPU.ActiveCfg = Release|Any CPU
		{47D5860D-2C89-4160-ABD0-2142F74A9C92}.Release|Any CPU.Build.0 = Release|Any CPU
	EndGlobalSection
	GlobalSection(SolutionProperties) = preSolution
		HideSolutionNode = FALSE
	EndGlobalSection
	GlobalSection(ExtensibilityGlobals) = postSolution
		SolutionGuid = {365BE9C4-AA69-40E4-A2D5-E3E5CCBA91D3}
	EndGlobalSection
EndGlobal
